
Microsoft Visual Studio Solution File, Format Version 12.00
# Visual Studio Version 17
VisualStudioVersion = 17.11.35222.181
MinimumVisualStudioVersion = 10.0.40219.1
Project("{FAE04EC0-301F-11D3-BF4B-00C04F79EFBC}") = "InfuraDeploy", "InfuraDeploy.csproj", "{6E5DBFEA-1620-493F-9D9F-77B889E45EBE}"
EndProject
Global
	GlobalSection(SolutionConfigurationPlatforms) = preSolution
		Debug|Any CPU = Debug|Any CPU
		Release|Any CPU = Release|Any CPU
	EndGlobalSection
	GlobalSection(ProjectConfigurationPlatforms) = postSolution
		{6E5DBFEA-1620-493F-9D9F-77B889E45EBE}.Debug|Any CPU.ActiveCfg = Debug|Any CPU
		{6E5DBFEA-1620-493F-9D9F-77B889E45EBE}.Debug|Any CPU.Build.0 = Debug|Any CPU
		{6E5DBFEA-1620-493F-9D9F-77B889E45EBE}.Release|Any CPU.ActiveCfg = Release|Any CPU
		{6E5DBFEA-1620-493F-9D9F-77B889E45EBE}.Release|Any CPU.Build.0 = Release|Any CPU
	EndGlobalSection
	GlobalSection(SolutionProperties) = preSolution
		HideSolutionNode = FALSE
	EndGlobalSection
	GlobalSection(ExtensibilityGlobals) = postSolution
		SolutionGuid = {4F327034-84DC-4360-BDB5-3ABFD948AF27}
	EndGlobalSection
EndGlobal
